
Microsoft Visual Studio Solution File, Format Version 12.00
# Visual Studio 15
VisualStudioVersion = 15.0.27130.2036
MinimumVisualStudioVersion = 10.0.40219.1
Project("{FAE04EC0-301F-11D3-BF4B-00C04F79EFBC}") = "BaoHiem09", "BaoHiem09\BaoHiem09.csproj", "{8348454F-646E-410E-B615-E5628AF21107}"
EndProject
Global
	GlobalSection(SolutionConfigurationPlatforms) = preSolution
		Debug|Any CPU = Debug|Any CPU
		Release|Any CPU = Release|Any CPU
	EndGlobalSection
	GlobalSection(ProjectConfigurationPlatforms) = postSolution
		{8348454F-646E-410E-B615-E5628AF21107}.Debug|Any CPU.ActiveCfg = Debug|Any CPU
		{8348454F-646E-410E-B615-E5628AF21107}.Debug|Any CPU.Build.0 = Debug|Any CPU
		{8348454F-646E-410E-B615-E5628AF21107}.Release|Any CPU.ActiveCfg = Release|Any CPU
		{8348454F-646E-410E-B615-E5628AF21107}.Release|Any CPU.Build.0 = Release|Any CPU
	EndGlobalSection
	GlobalSection(SolutionProperties) = preSolution
		HideSolutionNode = FALSE
	EndGlobalSection
	GlobalSection(ExtensibilityGlobals) = postSolution
		SolutionGuid = {5AB3DDA5-3010-445B-8878-3766F9D89FCE}
	EndGlobalSection
EndGlobal
